
Microsoft Visual Studio Solution File, Format Version 12.00
# Visual Studio Version 16
VisualStudioVersion = 16.0.30002.166
MinimumVisualStudioVersion = 10.0.40219.1
Project("{8BC9CEB8-8B4A-11D0-8D11-00A0C91BC942}") = "ThreadTester", "ThreadTester\ThreadTester.vcxproj", "{EC792880-F34B-4B6C-9035-6109E8848880}"
EndProject
Global
	GlobalSection(SolutionConfigurationPlatforms) = preSolution
		Debug|x64 = Debug|x64
		Debug|x86 = Debug|x86
		Release|x64 = Release|x64
		Release|x86 = Release|x86
	EndGlobalSection
	GlobalSection(ProjectConfigurationPlatforms) = postSolution
		{EC792880-F34B-4B6C-9035-6109E8848880}.Debug|x64.ActiveCfg = Debug|x64
		{EC792880-F34B-4B6C-9035-6109E8848880}.Debug|x64.Build.0 = Debug|x64
		{EC792880-F34B-4B6C-9035-6109E8848880}.Debug|x86.ActiveCfg = Debug|Win32
		{EC792880-F34B-4B6C-9035-6109E8848880}.Debug|x86.Build.0 = Debug|Win32
		{EC792880-F34B-4B6C-9035-6109E8848880}.Release|x64.ActiveCfg = Release|x64
		{EC792880-F34B-4B6C-9035-6109E8848880}.Release|x64.Build.0 = Release|x64
		{EC792880-F34B-4B6C-9035-6109E8848880}.Release|x86.ActiveCfg = Release|Win32
		{EC792880-F34B-4B6C-9035-6109E8848880}.Release|x86.Build.0 = Release|Win32
	EndGlobalSection
	GlobalSection(SolutionProperties) = preSolution
		HideSolutionNode = FALSE
	EndGlobalSection
	GlobalSection(ExtensibilityGlobals) = postSolution
		SolutionGuid = {4F385F83-44A6-4111-B8DC-9ECD52390C7C}
	EndGlobalSection
EndGlobal
